
Microsoft Visual Studio Solution File, Format Version 12.00
# Visual Studio Version 16
VisualStudioVersion = 16.0.32002.261
MinimumVisualStudioVersion = 10.0.40219.1
Project("{9A19103F-16F7-4668-BE54-9A1E7A4F7556}") = "bHapticsOSC", "bHapticsOSC\bHapticsOSC.csproj", "{95C78075-3C51-4BD5-BA16-8BB8A69B013B}"
EndProject
Project("{9A19103F-16F7-4668-BE54-9A1E7A4F7556}") = "OscLib", "OscLib\OscLib.csproj", "{3974EE2B-E11F-4127-AFE4-613E94750A13}"
EndProject
Project("{9A19103F-16F7-4668-BE54-9A1E7A4F7556}") = "OscLib.VRChat", "OscLib.VRChat\OscLib.VRChat.csproj", "{358964EF-F4B3-4958-BFEE-D916C22FDC85}"
EndProject
Project("{9A19103F-16F7-4668-BE54-9A1E7A4F7556}") = "bHapticsLib", "bHapticsLib\bHapticsLib.csproj", "{C8AE3ABF-260E-4EE0-A6BE-2CD475C98F4F}"
EndProject
Project("{9A19103F-16F7-4668-BE54-9A1E7A4F7556}") = "OscLib.Config", "OscLib.Config\OscLib.Config.csproj", "{2FBFDE94-B494-4839-B4FD-ECD1261868DE}"
EndProject
Project("{9A19103F-16F7-4668-BE54-9A1E7A4F7556}") = "OscLib.Utils", "OscLib.Utils\OscLib.Utils.csproj", "{82E6C81D-7726-4035-8745-EA55919D4508}"
EndProject
Global
	GlobalSection(SolutionConfigurationPlatforms) = preSolution
		Debug|Any CPU = Debug|Any CPU
		Release|Any CPU = Release|Any CPU
	EndGlobalSection
	GlobalSection(ProjectConfigurationPlatforms) = postSolution
		{95C78075-3C51-4BD5-BA16-8BB8A69B013B}.Debug|Any CPU.ActiveCfg = Debug|Any CPU
		{95C78075-3C51-4BD5-BA16-8BB8A69B013B}.Debug|Any CPU.Build.0 = Debug|Any CPU
		{95C78075-3C51-4BD5-BA16-8BB8A69B013B}.Release|Any CPU.ActiveCfg = Release|Any CPU
		{95C78075-3C51-4BD5-BA16-8BB8A69B013B}.Release|Any CPU.Build.0 = Release|Any CPU
		{3974EE2B-E11F-4127-AFE4-613E94750A13}.Debug|Any CPU.ActiveCfg = Debug|Any CPU
		{3974EE2B-E11F-4127-AFE4-613E94750A13}.Debug|Any CPU.Build.0 = Debug|Any CPU
		{3974EE2B-E11F-4127-AFE4-613E94750A13}.Release|Any CPU.ActiveCfg = Release|Any CPU
		{3974EE2B-E11F-4127-AFE4-613E94750A13}.Release|Any CPU.Build.0 = Release|Any CPU
		{358964EF-F4B3-4958-BFEE-D916C22FDC85}.Debug|Any CPU.ActiveCfg = Debug|Any CPU
		{358964EF-F4B3-4958-BFEE-D916C22FDC85}.Debug|Any CPU.Build.0 = Debug|Any CPU
		{358964EF-F4B3-4958-BFEE-D916C22FDC85}.Release|Any CPU.ActiveCfg = Release|Any CPU
		{358964EF-F4B3-4958-BFEE-D916C22FDC85}.Release|Any CPU.Build.0 = Release|Any CPU
		{C8AE3ABF-260E-4EE0-A6BE-2CD475C98F4F}.Debug|Any CPU.ActiveCfg = Debug|Any CPU
		{C8AE3ABF-260E-4EE0-A6BE-2CD475C98F4F}.Debug|Any CPU.Build.0 = Debug|Any CPU
		{C8AE3ABF-260E-4EE0-A6BE-2CD475C98F4F}.Release|Any CPU.ActiveCfg = Release|Any CPU
		{C8AE3ABF-260E-4EE0-A6BE-2CD475C98F4F}.Release|Any CPU.Build.0 = Release|Any CPU
		{2FBFDE94-B494-4839-B4FD-ECD1261868DE}.Debug|Any CPU.ActiveCfg = Debug|Any CPU
		{2FBFDE94-B494-4839-B4FD-ECD1261868DE}.Debug|Any CPU.Build.0 = Debug|Any CPU
		{2FBFDE94-B494-4839-B4FD-ECD1261868DE}.Release|Any CPU.ActiveCfg = Release|Any CPU
		{2FBFDE94-B494-4839-B4FD-ECD1261868DE}.Release|Any CPU.Build.0 = Release|Any CPU
		{82E6C81D-7726-4035-8745-EA55919D4508}.Debug|Any CPU.ActiveCfg = Debug|Any CPU
		{82E6C81D-7726-4035-8745-EA55919D4508}.Debug|Any CPU.Build.0 = Debug|Any CPU
		{82E6C81D-7726-4035-8745-EA55919D4508}.Release|Any CPU.ActiveCfg = Release|Any CPU
		{82E6C81D-7726-4035-8745-EA55919D4508}.Release|Any CPU.Build.0 = Release|Any CPU
	EndGlobalSection
	GlobalSection(SolutionProperties) = preSolution
		HideSolutionNode = FALSE
	EndGlobalSection
	GlobalSection(ExtensibilityGlobals) = postSolution
		SolutionGuid = {A41A138A-FF08-403A-B4EC-8B886EADF27B}
	EndGlobalSection
EndGlobal
