
Microsoft Visual Studio Solution File, Format Version 12.00
# Visual Studio Version 16
VisualStudioVersion = 16.0.32002.261
MinimumVisualStudioVersion = 10.0.40219.1
Project("{9A19103F-16F7-4668-BE54-9A1E7A4F7556}") = "bHapticsOSC", "bHapticsOSC.csproj", "{F8186D32-1E31-4368-BC0A-8F9DE4B456E8}"
EndProject
Global
	GlobalSection(SolutionConfigurationPlatforms) = preSolution
		Debug|Any CPU = Debug|Any CPU
		Release|Any CPU = Release|Any CPU
	EndGlobalSection
	GlobalSection(ProjectConfigurationPlatforms) = postSolution
		{F8186D32-1E31-4368-BC0A-8F9DE4B456E8}.Debug|Any CPU.ActiveCfg = Debug|Any CPU
		{F8186D32-1E31-4368-BC0A-8F9DE4B456E8}.Debug|Any CPU.Build.0 = Debug|Any CPU
		{F8186D32-1E31-4368-BC0A-8F9DE4B456E8}.Release|Any CPU.ActiveCfg = Release|Any CPU
		{F8186D32-1E31-4368-BC0A-8F9DE4B456E8}.Release|Any CPU.Build.0 = Release|Any CPU
	EndGlobalSection
	GlobalSection(SolutionProperties) = preSolution
		HideSolutionNode = FALSE
	EndGlobalSection
	GlobalSection(ExtensibilityGlobals) = postSolution
		SolutionGuid = {A41A138A-FF08-403A-B4EC-8B886EADF27B}
	EndGlobalSection
EndGlobal
