
Microsoft Visual Studio Solution File, Format Version 12.00
# Visual Studio Version 16
VisualStudioVersion = 16.0.32002.261
MinimumVisualStudioVersion = 10.0.40219.1
Project("{9A19103F-16F7-4668-BE54-9A1E7A4F7556}") = "bOscLib", "bOscLib\bOscLib.csproj", "{0A9AF520-8079-42B1-B68E-CD1F859D94D7}"
EndProject
Project("{9A19103F-16F7-4668-BE54-9A1E7A4F7556}") = "bHapticsOSC", "bHapticsOSC\bHapticsOSC.csproj", "{95C78075-3C51-4BD5-BA16-8BB8A69B013B}"
EndProject
Project("{9A19103F-16F7-4668-BE54-9A1E7A4F7556}") = "AmpGen", "AmpGen\AmpGen.csproj", "{F8E18AB0-15B6-4228-BDF8-8222FDD4511A}"
EndProject
Global
	GlobalSection(SolutionConfigurationPlatforms) = preSolution
		Debug|Any CPU = Debug|Any CPU
		Release|Any CPU = Release|Any CPU
	EndGlobalSection
	GlobalSection(ProjectConfigurationPlatforms) = postSolution
		{0A9AF520-8079-42B1-B68E-CD1F859D94D7}.Debug|Any CPU.ActiveCfg = Debug|Any CPU
		{0A9AF520-8079-42B1-B68E-CD1F859D94D7}.Debug|Any CPU.Build.0 = Debug|Any CPU
		{0A9AF520-8079-42B1-B68E-CD1F859D94D7}.Release|Any CPU.ActiveCfg = Release|Any CPU
		{0A9AF520-8079-42B1-B68E-CD1F859D94D7}.Release|Any CPU.Build.0 = Release|Any CPU
		{95C78075-3C51-4BD5-BA16-8BB8A69B013B}.Debug|Any CPU.ActiveCfg = Debug|Any CPU
		{95C78075-3C51-4BD5-BA16-8BB8A69B013B}.Debug|Any CPU.Build.0 = Debug|Any CPU
		{95C78075-3C51-4BD5-BA16-8BB8A69B013B}.Release|Any CPU.ActiveCfg = Release|Any CPU
		{95C78075-3C51-4BD5-BA16-8BB8A69B013B}.Release|Any CPU.Build.0 = Release|Any CPU
		{F8E18AB0-15B6-4228-BDF8-8222FDD4511A}.Debug|Any CPU.ActiveCfg = Debug|Any CPU
		{F8E18AB0-15B6-4228-BDF8-8222FDD4511A}.Debug|Any CPU.Build.0 = Debug|Any CPU
		{F8E18AB0-15B6-4228-BDF8-8222FDD4511A}.Release|Any CPU.ActiveCfg = Release|Any CPU
		{F8E18AB0-15B6-4228-BDF8-8222FDD4511A}.Release|Any CPU.Build.0 = Release|Any CPU
	EndGlobalSection
	GlobalSection(SolutionProperties) = preSolution
		HideSolutionNode = FALSE
	EndGlobalSection
	GlobalSection(ExtensibilityGlobals) = postSolution
		SolutionGuid = {A41A138A-FF08-403A-B4EC-8B886EADF27B}
	EndGlobalSection
EndGlobal
